// !$*UTF8*$!
{
	archiveVersion = 1;
	classes = {
	};
	objectVersion = 56;
	objects = {

/* Begin PBXBuildFile section */
		A4572BA72A65B40700B1FCB3 /* AppDelegate.swift in Sources */ = {isa = PBXBuildFile; fileRef = A4572BA62A65B40700B1FCB3 /* AppDelegate.swift */; };
		A4572BA92A65B40700B1FCB3 /* SceneDelegate.swift in Sources */ = {isa = PBXBuildFile; fileRef = A4572BA82A65B40700B1FCB3 /* SceneDelegate.swift */; };
		A4572BAB2A65B40700B1FCB3 /* RandomNumberViewController.swift in Sources */ = {isa = PBXBuildFile; fileRef = A4572BAA2A65B40700B1FCB3 /* RandomNumberViewController.swift */; };
		A4572BB02A65B40A00B1FCB3 /* Assets.xcassets in Resources */ = {isa = PBXBuildFile; fileRef = A4572BAF2A65B40A00B1FCB3 /* Assets.xcassets */; };
		A4572BB32A65B40A00B1FCB3 /* LaunchScreen.storyboard in Resources */ = {isa = PBXBuildFile; fileRef = A4572BB12A65B40A00B1FCB3 /* LaunchScreen.storyboard */; };
		A4572BBE2A65B40A00B1FCB3 /* RandomNumberViewModelTests.swift in Sources */ = {isa = PBXBuildFile; fileRef = A4572BBD2A65B40A00B1FCB3 /* RandomNumberViewModelTests.swift */; };
		A4572BC82A65B40A00B1FCB3 /* GenerateRandomNumberUITests.swift in Sources */ = {isa = PBXBuildFile; fileRef = A4572BC72A65B40A00B1FCB3 /* GenerateRandomNumberUITests.swift */; };
		A4572BCA2A65B40A00B1FCB3 /* GenerateRandomNumberUITestsLaunchTests.swift in Sources */ = {isa = PBXBuildFile; fileRef = A4572BC92A65B40A00B1FCB3 /* GenerateRandomNumberUITestsLaunchTests.swift */; };
		A4572BD72A65B70D00B1FCB3 /* RandomNumberView.swift in Sources */ = {isa = PBXBuildFile; fileRef = A4572BD62A65B70D00B1FCB3 /* RandomNumberView.swift */; };
		A4572BD92A65DE6800B1FCB3 /* RandomNumberViewModel.swift in Sources */ = {isa = PBXBuildFile; fileRef = A4572BD82A65DE6800B1FCB3 /* RandomNumberViewModel.swift */; };
		A48A3B312A6F0B9600EF8121 /* RandomNumberViewModelDelegateSpy.swift in Sources */ = {isa = PBXBuildFile; fileRef = A48A3B302A6F0B9600EF8121 /* RandomNumberViewModelDelegateSpy.swift */; };
		A4CB6DCD2A72AC1E00756817 /* RandomNumberProtocol.swift in Sources */ = {isa = PBXBuildFile; fileRef = A4CB6DCC2A72AC1E00756817 /* RandomNumberProtocol.swift */; };
		A4CB6DD12A77EAAF00756817 /* GeneretorNumberStub.swift in Sources */ = {isa = PBXBuildFile; fileRef = A4CB6DCE2A72AD2500756817 /* GeneretorNumberStub.swift */; };
/* End PBXBuildFile section */

/* Begin PBXContainerItemProxy section */
		A4572BBA2A65B40A00B1FCB3 /* PBXContainerItemProxy */ = {
			isa = PBXContainerItemProxy;
			containerPortal = A4572B9B2A65B40700B1FCB3 /* Project object */;
			proxyType = 1;
			remoteGlobalIDString = A4572BA22A65B40700B1FCB3;
			remoteInfo = GenerateRandomNumber;
		};
		A4572BC42A65B40A00B1FCB3 /* PBXContainerItemProxy */ = {
			isa = PBXContainerItemProxy;
			containerPortal = A4572B9B2A65B40700B1FCB3 /* Project object */;
			proxyType = 1;
			remoteGlobalIDString = A4572BA22A65B40700B1FCB3;
			remoteInfo = GenerateRandomNumber;
		};
/* End PBXContainerItemProxy section */

/* Begin PBXFileReference section */
		A4572BA32A65B40700B1FCB3 /* GenerateRandomNumber.app */ = {isa = PBXFileReference; explicitFileType = wrapper.application; includeInIndex = 0; path = GenerateRandomNumber.app; sourceTree = BUILT_PRODUCTS_DIR; };
		A4572BA62A65B40700B1FCB3 /* AppDelegate.swift */ = {isa = PBXFileReference; lastKnownFileType = sourcecode.swift; path = AppDelegate.swift; sourceTree = "<group>"; };
		A4572BA82A65B40700B1FCB3 /* SceneDelegate.swift */ = {isa = PBXFileReference; lastKnownFileType = sourcecode.swift; path = SceneDelegate.swift; sourceTree = "<group>"; };
		A4572BAA2A65B40700B1FCB3 /* RandomNumberViewController.swift */ = {isa = PBXFileReference; lastKnownFileType = sourcecode.swift; path = RandomNumberViewController.swift; sourceTree = "<group>"; };
		A4572BAF2A65B40A00B1FCB3 /* Assets.xcassets */ = {isa = PBXFileReference; lastKnownFileType = folder.assetcatalog; path = Assets.xcassets; sourceTree = "<group>"; };
		A4572BB22A65B40A00B1FCB3 /* Base */ = {isa = PBXFileReference; lastKnownFileType = file.storyboard; name = Base; path = Base.lproj/LaunchScreen.storyboard; sourceTree = "<group>"; };
		A4572BB42A65B40A00B1FCB3 /* Info.plist */ = {isa = PBXFileReference; lastKnownFileType = text.plist.xml; path = Info.plist; sourceTree = "<group>"; };
		A4572BB92A65B40A00B1FCB3 /* GenerateRandomNumberTests.xctest */ = {isa = PBXFileReference; explicitFileType = wrapper.cfbundle; includeInIndex = 0; path = GenerateRandomNumberTests.xctest; sourceTree = BUILT_PRODUCTS_DIR; };
		A4572BBD2A65B40A00B1FCB3 /* RandomNumberViewModelTests.swift */ = {isa = PBXFileReference; lastKnownFileType = sourcecode.swift; path = RandomNumberViewModelTests.swift; sourceTree = "<group>"; };
		A4572BC32A65B40A00B1FCB3 /* GenerateRandomNumberUITests.xctest */ = {isa = PBXFileReference; explicitFileType = wrapper.cfbundle; includeInIndex = 0; path = GenerateRandomNumberUITests.xctest; sourceTree = BUILT_PRODUCTS_DIR; };
		A4572BC72A65B40A00B1FCB3 /* GenerateRandomNumberUITests.swift */ = {isa = PBXFileReference; lastKnownFileType = sourcecode.swift; path = GenerateRandomNumberUITests.swift; sourceTree = "<group>"; };
		A4572BC92A65B40A00B1FCB3 /* GenerateRandomNumberUITestsLaunchTests.swift */ = {isa = PBXFileReference; lastKnownFileType = sourcecode.swift; path = GenerateRandomNumberUITestsLaunchTests.swift; sourceTree = "<group>"; };
		A4572BD62A65B70D00B1FCB3 /* RandomNumberView.swift */ = {isa = PBXFileReference; lastKnownFileType = sourcecode.swift; path = RandomNumberView.swift; sourceTree = "<group>"; };
		A4572BD82A65DE6800B1FCB3 /* RandomNumberViewModel.swift */ = {isa = PBXFileReference; lastKnownFileType = sourcecode.swift; path = RandomNumberViewModel.swift; sourceTree = "<group>"; };
		A48A3B302A6F0B9600EF8121 /* RandomNumberViewModelDelegateSpy.swift */ = {isa = PBXFileReference; lastKnownFileType = sourcecode.swift; path = RandomNumberViewModelDelegateSpy.swift; sourceTree = "<group>"; };
		A4CB6DCC2A72AC1E00756817 /* RandomNumberProtocol.swift */ = {isa = PBXFileReference; lastKnownFileType = sourcecode.swift; path = RandomNumberProtocol.swift; sourceTree = "<group>"; };
		A4CB6DCE2A72AD2500756817 /* GeneretorNumberStub.swift */ = {isa = PBXFileReference; lastKnownFileType = sourcecode.swift; path = GeneretorNumberStub.swift; sourceTree = "<group>"; };
/* End PBXFileReference section */

/* Begin PBXFrameworksBuildPhase section */
		A4572BA02A65B40700B1FCB3 /* Frameworks */ = {
			isa = PBXFrameworksBuildPhase;
			buildActionMask = 2147483647;
			files = (
			);
			runOnlyForDeploymentPostprocessing = 0;
		};
		A4572BB62A65B40A00B1FCB3 /* Frameworks */ = {
			isa = PBXFrameworksBuildPhase;
			buildActionMask = 2147483647;
			files = (
			);
			runOnlyForDeploymentPostprocessing = 0;
		};
		A4572BC02A65B40A00B1FCB3 /* Frameworks */ = {
			isa = PBXFrameworksBuildPhase;
			buildActionMask = 2147483647;
			files = (
			);
			runOnlyForDeploymentPostprocessing = 0;
		};
/* End PBXFrameworksBuildPhase section */

/* Begin PBXGroup section */
		A4572B9A2A65B40700B1FCB3 = {
			isa = PBXGroup;
			children = (
				A4572BA52A65B40700B1FCB3 /* GenerateRandomNumber */,
				A4572BBC2A65B40A00B1FCB3 /* GenerateRandomNumberTests */,
				A4572BC62A65B40A00B1FCB3 /* GenerateRandomNumberUITests */,
				A4572BA42A65B40700B1FCB3 /* Products */,
			);
			sourceTree = "<group>";
		};
		A4572BA42A65B40700B1FCB3 /* Products */ = {
			isa = PBXGroup;
			children = (
				A4572BA32A65B40700B1FCB3 /* GenerateRandomNumber.app */,
				A4572BB92A65B40A00B1FCB3 /* GenerateRandomNumberTests.xctest */,
				A4572BC32A65B40A00B1FCB3 /* GenerateRandomNumberUITests.xctest */,
			);
			name = Products;
			sourceTree = "<group>";
		};
		A4572BA52A65B40700B1FCB3 /* GenerateRandomNumber */ = {
			isa = PBXGroup;
			children = (
				A4CB6DCC2A72AC1E00756817 /* RandomNumberProtocol.swift */,
				A4572BAA2A65B40700B1FCB3 /* RandomNumberViewController.swift */,
				A4572BD62A65B70D00B1FCB3 /* RandomNumberView.swift */,
				A4572BD82A65DE6800B1FCB3 /* RandomNumberViewModel.swift */,
				A4572BDA2A66C5CD00B1FCB3 /* SystemDelegate */,
				A4572BAF2A65B40A00B1FCB3 /* Assets.xcassets */,
				A4572BB12A65B40A00B1FCB3 /* LaunchScreen.storyboard */,
				A4572BB42A65B40A00B1FCB3 /* Info.plist */,
			);
			path = GenerateRandomNumber;
			sourceTree = "<group>";
		};
		A4572BBC2A65B40A00B1FCB3 /* GenerateRandomNumberTests */ = {
			isa = PBXGroup;
			children = (
				A4CB6DCE2A72AD2500756817 /* GeneretorNumberStub.swift */,
				A4572BBD2A65B40A00B1FCB3 /* RandomNumberViewModelTests.swift */,
				A48A3B302A6F0B9600EF8121 /* RandomNumberViewModelDelegateSpy.swift */,
			);
			path = GenerateRandomNumberTests;
			sourceTree = "<group>";
		};
		A4572BC62A65B40A00B1FCB3 /* GenerateRandomNumberUITests */ = {
			isa = PBXGroup;
			children = (
				A4572BC72A65B40A00B1FCB3 /* GenerateRandomNumberUITests.swift */,
				A4572BC92A65B40A00B1FCB3 /* GenerateRandomNumberUITestsLaunchTests.swift */,
			);
			path = GenerateRandomNumberUITests;
			sourceTree = "<group>";
		};
		A4572BDA2A66C5CD00B1FCB3 /* SystemDelegate */ = {
			isa = PBXGroup;
			children = (
				A4572BA62A65B40700B1FCB3 /* AppDelegate.swift */,
				A4572BA82A65B40700B1FCB3 /* SceneDelegate.swift */,
			);
			path = SystemDelegate;
			sourceTree = "<group>";
		};
/* End PBXGroup section */

/* Begin PBXNativeTarget section */
		A4572BA22A65B40700B1FCB3 /* GenerateRandomNumber */ = {
			isa = PBXNativeTarget;
			buildConfigurationList = A4572BCD2A65B40A00B1FCB3 /* Build configuration list for PBXNativeTarget "GenerateRandomNumber" */;
			buildPhases = (
				A4572B9F2A65B40700B1FCB3 /* Sources */,
				A4572BA02A65B40700B1FCB3 /* Frameworks */,
				A4572BA12A65B40700B1FCB3 /* Resources */,
			);
			buildRules = (
			);
			dependencies = (
			);
			name = GenerateRandomNumber;
			productName = GenerateRandomNumber;
			productReference = A4572BA32A65B40700B1FCB3 /* GenerateRandomNumber.app */;
			productType = "com.apple.product-type.application";
		};
		A4572BB82A65B40A00B1FCB3 /* GenerateRandomNumberTests */ = {
			isa = PBXNativeTarget;
			buildConfigurationList = A4572BD02A65B40A00B1FCB3 /* Build configuration list for PBXNativeTarget "GenerateRandomNumberTests" */;
			buildPhases = (
				A4572BB52A65B40A00B1FCB3 /* Sources */,
				A4572BB62A65B40A00B1FCB3 /* Frameworks */,
				A4572BB72A65B40A00B1FCB3 /* Resources */,
			);
			buildRules = (
			);
			dependencies = (
				A4572BBB2A65B40A00B1FCB3 /* PBXTargetDependency */,
			);
			name = GenerateRandomNumberTests;
			productName = GenerateRandomNumberTests;
			productReference = A4572BB92A65B40A00B1FCB3 /* GenerateRandomNumberTests.xctest */;
			productType = "com.apple.product-type.bundle.unit-test";
		};
		A4572BC22A65B40A00B1FCB3 /* GenerateRandomNumberUITests */ = {
			isa = PBXNativeTarget;
			buildConfigurationList = A4572BD32A65B40A00B1FCB3 /* Build configuration list for PBXNativeTarget "GenerateRandomNumberUITests" */;
			buildPhases = (
				A4572BBF2A65B40A00B1FCB3 /* Sources */,
				A4572BC02A65B40A00B1FCB3 /* Frameworks */,
				A4572BC12A65B40A00B1FCB3 /* Resources */,
			);
			buildRules = (
			);
			dependencies = (
				A4572BC52A65B40A00B1FCB3 /* PBXTargetDependency */,
			);
			name = GenerateRandomNumberUITests;
			productName = GenerateRandomNumberUITests;
			productReference = A4572BC32A65B40A00B1FCB3 /* GenerateRandomNumberUITests.xctest */;
			productType = "com.apple.product-type.bundle.ui-testing";
		};
/* End PBXNativeTarget section */

/* Begin PBXProject section */
		A4572B9B2A65B40700B1FCB3 /* Project object */ = {
			isa = PBXProject;
			attributes = {
				BuildIndependentTargetsInParallel = 1;
				LastSwiftUpdateCheck = 1410;
				LastUpgradeCheck = 1410;
				TargetAttributes = {
					A4572BA22A65B40700B1FCB3 = {
						CreatedOnToolsVersion = 14.1;
					};
					A4572BB82A65B40A00B1FCB3 = {
						CreatedOnToolsVersion = 14.1;
						TestTargetID = A4572BA22A65B40700B1FCB3;
					};
					A4572BC22A65B40A00B1FCB3 = {
						CreatedOnToolsVersion = 14.1;
						TestTargetID = A4572BA22A65B40700B1FCB3;
					};
				};
			};
			buildConfigurationList = A4572B9E2A65B40700B1FCB3 /* Build configuration list for PBXProject "GenerateRandomNumber" */;
			compatibilityVersion = "Xcode 14.0";
			developmentRegion = en;
			hasScannedForEncodings = 0;
			knownRegions = (
				en,
				Base,
			);
			mainGroup = A4572B9A2A65B40700B1FCB3;
			productRefGroup = A4572BA42A65B40700B1FCB3 /* Products */;
			projectDirPath = "";
			projectRoot = "";
			targets = (
				A4572BA22A65B40700B1FCB3 /* GenerateRandomNumber */,
				A4572BB82A65B40A00B1FCB3 /* GenerateRandomNumberTests */,
				A4572BC22A65B40A00B1FCB3 /* GenerateRandomNumberUITests */,
			);
		};
/* End PBXProject section */

/* Begin PBXResourcesBuildPhase section */
		A4572BA12A65B40700B1FCB3 /* Resources */ = {
			isa = PBXResourcesBuildPhase;
			buildActionMask = 2147483647;
			files = (
				A4572BB32A65B40A00B1FCB3 /* LaunchScreen.storyboard in Resources */,
				A4572BB02A65B40A00B1FCB3 /* Assets.xcassets in Resources */,
			);
			runOnlyForDeploymentPostprocessing = 0;
		};
		A4572BB72A65B40A00B1FCB3 /* Resources */ = {
			isa = PBXResourcesBuildPhase;
			buildActionMask = 2147483647;
			files = (
			);
			runOnlyForDeploymentPostprocessing = 0;
		};
		A4572BC12A65B40A00B1FCB3 /* Resources */ = {
			isa = PBXResourcesBuildPhase;
			buildActionMask = 2147483647;
			files = (
			);
			runOnlyForDeploymentPostprocessing = 0;
		};
/* End PBXResourcesBuildPhase section */

/* Begin PBXSourcesBuildPhase section */
		A4572B9F2A65B40700B1FCB3 /* Sources */ = {
			isa = PBXSourcesBuildPhase;
			buildActionMask = 2147483647;
			files = (
				A4572BAB2A65B40700B1FCB3 /* RandomNumberViewController.swift in Sources */,
				A4572BA72A65B40700B1FCB3 /* AppDelegate.swift in Sources */,
				A4572BD72A65B70D00B1FCB3 /* RandomNumberView.swift in Sources */,
				A4572BD92A65DE6800B1FCB3 /* RandomNumberViewModel.swift in Sources */,
				A4572BA92A65B40700B1FCB3 /* SceneDelegate.swift in Sources */,
				A4CB6DCD2A72AC1E00756817 /* RandomNumberProtocol.swift in Sources */,
			);
			runOnlyForDeploymentPostprocessing = 0;
		};
		A4572BB52A65B40A00B1FCB3 /* Sources */ = {
			isa = PBXSourcesBuildPhase;
			buildActionMask = 2147483647;
			files = (
				A4CB6DD12A77EAAF00756817 /* GeneretorNumberStub.swift in Sources */,
				A4572BBE2A65B40A00B1FCB3 /* RandomNumberViewModelTests.swift in Sources */,
				A48A3B312A6F0B9600EF8121 /* RandomNumberViewModelDelegateSpy.swift in Sources */,
			);
			runOnlyForDeploymentPostprocessing = 0;
		};
		A4572BBF2A65B40A00B1FCB3 /* Sources */ = {
			isa = PBXSourcesBuildPhase;
			buildActionMask = 2147483647;
			files = (
				A4572BC82A65B40A00B1FCB3 /* GenerateRandomNumberUITests.swift in Sources */,
				A4572BCA2A65B40A00B1FCB3 /* GenerateRandomNumberUITestsLaunchTests.swift in Sources */,
			);
			runOnlyForDeploymentPostprocessing = 0;
		};
/* End PBXSourcesBuildPhase section */

/* Begin PBXTargetDependency section */
		A4572BBB2A65B40A00B1FCB3 /* PBXTargetDependency */ = {
			isa = PBXTargetDependency;
			target = A4572BA22A65B40700B1FCB3 /* GenerateRandomNumber */;
			targetProxy = A4572BBA2A65B40A00B1FCB3 /* PBXContainerItemProxy */;
		};
		A4572BC52A65B40A00B1FCB3 /* PBXTargetDependency */ = {
			isa = PBXTargetDependency;
			target = A4572BA22A65B40700B1FCB3 /* GenerateRandomNumber */;
			targetProxy = A4572BC42A65B40A00B1FCB3 /* PBXContainerItemProxy */;
		};
/* End PBXTargetDependency section */

/* Begin PBXVariantGroup section */
		A4572BB12A65B40A00B1FCB3 /* LaunchScreen.storyboard */ = {
			isa = PBXVariantGroup;
			children = (
				A4572BB22A65B40A00B1FCB3 /* Base */,
			);
			name = LaunchScreen.storyboard;
			sourceTree = "<group>";
		};
/* End PBXVariantGroup section */

/* Begin XCBuildConfiguration section */
		A4572BCB2A65B40A00B1FCB3 /* Debug */ = {
			isa = XCBuildConfiguration;
			buildSettings = {
				ALWAYS_SEARCH_USER_PATHS = NO;
				CLANG_ANALYZER_NONNULL = YES;
				CLANG_ANALYZER_NUMBER_OBJECT_CONVERSION = YES_AGGRESSIVE;
				CLANG_CXX_LANGUAGE_STANDARD = "gnu++20";
				CLANG_ENABLE_MODULES = YES;
				CLANG_ENABLE_OBJC_ARC = YES;
				CLANG_ENABLE_OBJC_WEAK = YES;
				CLANG_WARN_BLOCK_CAPTURE_AUTORELEASING = YES;
				CLANG_WARN_BOOL_CONVERSION = YES;
				CLANG_WARN_COMMA = YES;
				CLANG_WARN_CONSTANT_CONVERSION = YES;
				CLANG_WARN_DEPRECATED_OBJC_IMPLEMENTATIONS = YES;
				CLANG_WARN_DIRECT_OBJC_ISA_USAGE = YES_ERROR;
				CLANG_WARN_DOCUMENTATION_COMMENTS = YES;
				CLANG_WARN_EMPTY_BODY = YES;
				CLANG_WARN_ENUM_CONVERSION = YES;
				CLANG_WARN_INFINITE_RECURSION = YES;
				CLANG_WARN_INT_CONVERSION = YES;
				CLANG_WARN_NON_LITERAL_NULL_CONVERSION = YES;
				CLANG_WARN_OBJC_IMPLICIT_RETAIN_SELF = YES;
				CLANG_WARN_OBJC_LITERAL_CONVERSION = YES;
				CLANG_WARN_OBJC_ROOT_CLASS = YES_ERROR;
				CLANG_WARN_QUOTED_INCLUDE_IN_FRAMEWORK_HEADER = YES;
				CLANG_WARN_RANGE_LOOP_ANALYSIS = YES;
				CLANG_WARN_STRICT_PROTOTYPES = YES;
				CLANG_WARN_SUSPICIOUS_MOVE = YES;
				CLANG_WARN_UNGUARDED_AVAILABILITY = YES_AGGRESSIVE;
				CLANG_WARN_UNREACHABLE_CODE = YES;
				CLANG_WARN__DUPLICATE_METHOD_MATCH = YES;
				COPY_PHASE_STRIP = NO;
				DEBUG_INFORMATION_FORMAT = dwarf;
				ENABLE_STRICT_OBJC_MSGSEND = YES;
				ENABLE_TESTABILITY = YES;
				GCC_C_LANGUAGE_STANDARD = gnu11;
				GCC_DYNAMIC_NO_PIC = NO;
				GCC_NO_COMMON_BLOCKS = YES;
				GCC_OPTIMIZATION_LEVEL = 0;
				GCC_PREPROCESSOR_DEFINITIONS = (
					"DEBUG=1",
					"$(inherited)",
				);
				GCC_WARN_64_TO_32_BIT_CONVERSION = YES;
				GCC_WARN_ABOUT_RETURN_TYPE = YES_ERROR;
				GCC_WARN_UNDECLARED_SELECTOR = YES;
				GCC_WARN_UNINITIALIZED_AUTOS = YES_AGGRESSIVE;
				GCC_WARN_UNUSED_FUNCTION = YES;
				GCC_WARN_UNUSED_VARIABLE = YES;
				IPHONEOS_DEPLOYMENT_TARGET = 16.1;
				MTL_ENABLE_DEBUG_INFO = INCLUDE_SOURCE;
				MTL_FAST_MATH = YES;
				ONLY_ACTIVE_ARCH = YES;
				SDKROOT = iphoneos;
				SWIFT_ACTIVE_COMPILATION_CONDITIONS = DEBUG;
				SWIFT_OPTIMIZATION_LEVEL = "-Onone";
			};
			name = Debug;
		};
		A4572BCC2A65B40A00B1FCB3 /* Release */ = {
			isa = XCBuildConfiguration;
			buildSettings = {
				ALWAYS_SEARCH_USER_PATHS = NO;
				CLANG_ANALYZER_NONNULL = YES;
				CLANG_ANALYZER_NUMBER_OBJECT_CONVERSION = YES_AGGRESSIVE;
				CLANG_CXX_LANGUAGE_STANDARD = "gnu++20";
				CLANG_ENABLE_MODULES = YES;
				CLANG_ENABLE_OBJC_ARC = YES;
				CLANG_ENABLE_OBJC_WEAK = YES;
				CLANG_WARN_BLOCK_CAPTURE_AUTORELEASING = YES;
				CLANG_WARN_BOOL_CONVERSION = YES;
				CLANG_WARN_COMMA = YES;
				CLANG_WARN_CONSTANT_CONVERSION = YES;
				CLANG_WARN_DEPRECATED_OBJC_IMPLEMENTATIONS = YES;
				CLANG_WARN_DIRECT_OBJC_ISA_USAGE = YES_ERROR;
				CLANG_WARN_DOCUMENTATION_COMMENTS = YES;
				CLANG_WARN_EMPTY_BODY = YES;
				CLANG_WARN_ENUM_CONVERSION = YES;
				CLANG_WARN_INFINITE_RECURSION = YES;
				CLANG_WARN_INT_CONVERSION = YES;
				CLANG_WARN_NON_LITERAL_NULL_CONVERSION = YES;
				CLANG_WARN_OBJC_IMPLICIT_RETAIN_SELF = YES;
				CLANG_WARN_OBJC_LITERAL_CONVERSION = YES;
				CLANG_WARN_OBJC_ROOT_CLASS = YES_ERROR;
				CLANG_WARN_QUOTED_INCLUDE_IN_FRAMEWORK_HEADER = YES;
				CLANG_WARN_RANGE_LOOP_ANALYSIS = YES;
				CLANG_WARN_STRICT_PROTOTYPES = YES;
				CLANG_WARN_SUSPICIOUS_MOVE = YES;
				CLANG_WARN_UNGUARDED_AVAILABILITY = YES_AGGRESSIVE;
				CLANG_WARN_UNREACHABLE_CODE = YES;
				CLANG_WARN__DUPLICATE_METHOD_MATCH = YES;
				COPY_PHASE_STRIP = NO;
				DEBUG_INFORMATION_FORMAT = "dwarf-with-dsym";
				ENABLE_NS_ASSERTIONS = NO;
				ENABLE_STRICT_OBJC_MSGSEND = YES;
				GCC_C_LANGUAGE_STANDARD = gnu11;
				GCC_NO_COMMON_BLOCKS = YES;
				GCC_WARN_64_TO_32_BIT_CONVERSION = YES;
				GCC_WARN_ABOUT_RETURN_TYPE = YES_ERROR;
				GCC_WARN_UNDECLARED_SELECTOR = YES;
				GCC_WARN_UNINITIALIZED_AUTOS = YES_AGGRESSIVE;
				GCC_WARN_UNUSED_FUNCTION = YES;
				GCC_WARN_UNUSED_VARIABLE = YES;
				IPHONEOS_DEPLOYMENT_TARGET = 16.1;
				MTL_ENABLE_DEBUG_INFO = NO;
				MTL_FAST_MATH = YES;
				SDKROOT = iphoneos;
				SWIFT_COMPILATION_MODE = wholemodule;
				SWIFT_OPTIMIZATION_LEVEL = "-O";
				VALIDATE_PRODUCT = YES;
			};
			name = Release;
		};
		A4572BCE2A65B40A00B1FCB3 /* Debug */ = {
			isa = XCBuildConfiguration;
			buildSettings = {
				ASSETCATALOG_COMPILER_APPICON_NAME = AppIcon;
				ASSETCATALOG_COMPILER_GLOBAL_ACCENT_COLOR_NAME = AccentColor;
				CODE_SIGN_STYLE = Automatic;
				CURRENT_PROJECT_VERSION = 1;
				GENERATE_INFOPLIST_FILE = YES;
				INFOPLIST_FILE = GenerateRandomNumber/Info.plist;
				INFOPLIST_KEY_UIApplicationSupportsIndirectInputEvents = YES;
				INFOPLIST_KEY_UILaunchStoryboardName = LaunchScreen;
				INFOPLIST_KEY_UISupportedInterfaceOrientations_iPad = "UIInterfaceOrientationPortrait UIInterfaceOrientationPortraitUpsideDown UIInterfaceOrientationLandscapeLeft UIInterfaceOrientationLandscapeRight";
				INFOPLIST_KEY_UISupportedInterfaceOrientations_iPhone = "UIInterfaceOrientationPortrait UIInterfaceOrientationLandscapeLeft UIInterfaceOrientationLandscapeRight";
				LD_RUNPATH_SEARCH_PATHS = (
					"$(inherited)",
					"@executable_path/Frameworks",
				);
				MARKETING_VERSION = 1.0;
				PRODUCT_BUNDLE_IDENTIFIER = jessica.com.GenerateRandomNumber;
				PRODUCT_NAME = "$(TARGET_NAME)";
				SWIFT_EMIT_LOC_STRINGS = YES;
				SWIFT_VERSION = 5.0;
				TARGETED_DEVICE_FAMILY = "1,2";
			};
			name = Debug;
		};
		A4572BCF2A65B40A00B1FCB3 /* Release */ = {
			isa = XCBuildConfiguration;
			buildSettings = {
				ASSETCATALOG_COMPILER_APPICON_NAME = AppIcon;
				ASSETCATALOG_COMPILER_GLOBAL_ACCENT_COLOR_NAME = AccentColor;
				CODE_SIGN_STYLE = Automatic;
				CURRENT_PROJECT_VERSION = 1;
				GENERATE_INFOPLIST_FILE = YES;
				INFOPLIST_FILE = GenerateRandomNumber/Info.plist;
				INFOPLIST_KEY_UIApplicationSupportsIndirectInputEvents = YES;
				INFOPLIST_KEY_UILaunchStoryboardName = LaunchScreen;
				INFOPLIST_KEY_UISupportedInterfaceOrientations_iPad = "UIInterfaceOrientationPortrait UIInterfaceOrientationPortraitUpsideDown UIInterfaceOrientationLandscapeLeft UIInterfaceOrientationLandscapeRight";
				INFOPLIST_KEY_UISupportedInterfaceOrientations_iPhone = "UIInterfaceOrientationPortrait UIInterfaceOrientationLandscapeLeft UIInterfaceOrientationLandscapeRight";
				LD_RUNPATH_SEARCH_PATHS = (
					"$(inherited)",
					"@executable_path/Frameworks",
				);
				MARKETING_VERSION = 1.0;
				PRODUCT_BUNDLE_IDENTIFIER = jessica.com.GenerateRandomNumber;
				PRODUCT_NAME = "$(TARGET_NAME)";
				SWIFT_EMIT_LOC_STRINGS = YES;
				SWIFT_VERSION = 5.0;
				TARGETED_DEVICE_FAMILY = "1,2";
			};
			name = Release;
		};
		A4572BD12A65B40A00B1FCB3 /* Debug */ = {
			isa = XCBuildConfiguration;
			buildSettings = {
				ALWAYS_EMBED_SWIFT_STANDARD_LIBRARIES = YES;
				BUNDLE_LOADER = "$(TEST_HOST)";
				CODE_SIGN_STYLE = Automatic;
				CURRENT_PROJECT_VERSION = 1;
				GENERATE_INFOPLIST_FILE = YES;
				IPHONEOS_DEPLOYMENT_TARGET = 16.1;
				MARKETING_VERSION = 1.0;
				PRODUCT_BUNDLE_IDENTIFIER = jessica.com.GenerateRandomNumberTests;
				PRODUCT_NAME = "$(TARGET_NAME)";
				SWIFT_EMIT_LOC_STRINGS = NO;
				SWIFT_VERSION = 5.0;
				TARGETED_DEVICE_FAMILY = "1,2";
				TEST_HOST = "$(BUILT_PRODUCTS_DIR)/GenerateRandomNumber.app/$(BUNDLE_EXECUTABLE_FOLDER_PATH)/GenerateRandomNumber";
			};
			name = Debug;
		};
		A4572BD22A65B40A00B1FCB3 /* Release */ = {
			isa = XCBuildConfiguration;
			buildSettings = {
				ALWAYS_EMBED_SWIFT_STANDARD_LIBRARIES = YES;
				BUNDLE_LOADER = "$(TEST_HOST)";
				CODE_SIGN_STYLE = Automatic;
				CURRENT_PROJECT_VERSION = 1;
				GENERATE_INFOPLIST_FILE = YES;
				IPHONEOS_DEPLOYMENT_TARGET = 16.1;
				MARKETING_VERSION = 1.0;
				PRODUCT_BUNDLE_IDENTIFIER = jessica.com.GenerateRandomNumberTests;
				PRODUCT_NAME = "$(TARGET_NAME)";
				SWIFT_EMIT_LOC_STRINGS = NO;
				SWIFT_VERSION = 5.0;
				TARGETED_DEVICE_FAMILY = "1,2";
				TEST_HOST = "$(BUILT_PRODUCTS_DIR)/GenerateRandomNumber.app/$(BUNDLE_EXECUTABLE_FOLDER_PATH)/GenerateRandomNumber";
			};
			name = Release;
		};
		A4572BD42A65B40A00B1FCB3 /* Debug */ = {
			isa = XCBuildConfiguration;
			buildSettings = {
				ALWAYS_EMBED_SWIFT_STANDARD_LIBRARIES = YES;
				CODE_SIGN_STYLE = Automatic;
				CURRENT_PROJECT_VERSION = 1;
				GENERATE_INFOPLIST_FILE = YES;
				MARKETING_VERSION = 1.0;
				PRODUCT_BUNDLE_IDENTIFIER = jessica.com.GenerateRandomNumberUITests;
				PRODUCT_NAME = "$(TARGET_NAME)";
				SWIFT_EMIT_LOC_STRINGS = NO;
				SWIFT_VERSION = 5.0;
				TARGETED_DEVICE_FAMILY = "1,2";
				TEST_TARGET_NAME = GenerateRandomNumber;
			};
			name = Debug;
		};
		A4572BD52A65B40A00B1FCB3 /* Release */ = {
			isa = XCBuildConfiguration;
			buildSettings = {
				ALWAYS_EMBED_SWIFT_STANDARD_LIBRARIES = YES;
				CODE_SIGN_STYLE = Automatic;
				CURRENT_PROJECT_VERSION = 1;
				GENERATE_INFOPLIST_FILE = YES;
				MARKETING_VERSION = 1.0;
				PRODUCT_BUNDLE_IDENTIFIER = jessica.com.GenerateRandomNumberUITests;
				PRODUCT_NAME = "$(TARGET_NAME)";
				SWIFT_EMIT_LOC_STRINGS = NO;
				SWIFT_VERSION = 5.0;
				TARGETED_DEVICE_FAMILY = "1,2";
				TEST_TARGET_NAME = GenerateRandomNumber;
			};
			name = Release;
		};
/* End XCBuildConfiguration section */

/* Begin XCConfigurationList section */
		A4572B9E2A65B40700B1FCB3 /* Build configuration list for PBXProject "GenerateRandomNumber" */ = {
			isa = XCConfigurationList;
			buildConfigurations = (
				A4572BCB2A65B40A00B1FCB3 /* Debug */,
				A4572BCC2A65B40A00B1FCB3 /* Release */,
			);
			defaultConfigurationIsVisible = 0;
			defaultConfigurationName = Release;
		};
		A4572BCD2A65B40A00B1FCB3 /* Build configuration list for PBXNativeTarget "GenerateRandomNumber" */ = {
			isa = XCConfigurationList;
			buildConfigurations = (
				A4572BCE2A65B40A00B1FCB3 /* Debug */,
				A4572BCF2A65B40A00B1FCB3 /* Release */,
			);
			defaultConfigurationIsVisible = 0;
			defaultConfigurationName = Release;
		};
		A4572BD02A65B40A00B1FCB3 /* Build configuration list for PBXNativeTarget "GenerateRandomNumberTests" */ = {
			isa = XCConfigurationList;
			buildConfigurations = (
				A4572BD12A65B40A00B1FCB3 /* Debug */,
				A4572BD22A65B40A00B1FCB3 /* Release */,
			);
			defaultConfigurationIsVisible = 0;
			defaultConfigurationName = Release;
		};
		A4572BD32A65B40A00B1FCB3 /* Build configuration list for PBXNativeTarget "GenerateRandomNumberUITests" */ = {
			isa = XCConfigurationList;
			buildConfigurations = (
				A4572BD42A65B40A00B1FCB3 /* Debug */,
				A4572BD52A65B40A00B1FCB3 /* Release */,
			);
			defaultConfigurationIsVisible = 0;
			defaultConfigurationName = Release;
		};
/* End XCConfigurationList section */
	};
	rootObject = A4572B9B2A65B40700B1FCB3 /* Project object */;
}
